
Microsoft Visual Studio Solution File, Format Version 12.00
# Visual Studio Version 17
VisualStudioVersion = 17.5.002.0
MinimumVisualStudioVersion = 10.0.40219.1
Project("{9A19103F-16F7-4668-BE54-9A1E7A4F7556}") = "OnlineKursEkleme", "OnlineKursEkleme.csproj", "{102CD60B-6BBF-4C3D-B851-FC0878794E47}"
EndProject
Global
	GlobalSection(SolutionConfigurationPlatforms) = preSolution
		Debug|Any CPU = Debug|Any CPU
		Release|Any CPU = Release|Any CPU
	EndGlobalSection
	GlobalSection(ProjectConfigurationPlatforms) = postSolution
		{102CD60B-6BBF-4C3D-B851-FC0878794E47}.Debug|Any CPU.ActiveCfg = Debug|Any CPU
		{102CD60B-6BBF-4C3D-B851-FC0878794E47}.Debug|Any CPU.Build.0 = Debug|Any CPU
		{102CD60B-6BBF-4C3D-B851-FC0878794E47}.Release|Any CPU.ActiveCfg = Release|Any CPU
		{102CD60B-6BBF-4C3D-B851-FC0878794E47}.Release|Any CPU.Build.0 = Release|Any CPU
	EndGlobalSection
	GlobalSection(SolutionProperties) = preSolution
		HideSolutionNode = FALSE
	EndGlobalSection
	GlobalSection(ExtensibilityGlobals) = postSolution
		SolutionGuid = {4F665F34-8815-49BA-A24F-8D0BDAE2124C}
	EndGlobalSection
EndGlobal
